
Microsoft Visual Studio Solution File, Format Version 12.00
# Visual Studio Version 17
VisualStudioVersion = 17.14.36930.0
MinimumVisualStudioVersion = 10.0.40219.1
Project("{FAE04EC0-301F-11D3-BF4B-00C04F79EFBC}") = "ScriptMCP.Console", "ScriptMCP.Console\ScriptMCP.Console.csproj", "{0F22F4FE-3899-4BCF-B6CB-EF7C0F542376}"
EndProject
Project("{FAE04EC0-301F-11D3-BF4B-00C04F79EFBC}") = "ScriptMCP.Library", "ScriptMCP.Library\ScriptMCP.Library.csproj", "{B6250B6C-771E-4C60-8B11-1B70C6AEAFCF}"
EndProject
Project("{FAE04EC0-301F-11D3-BF4B-00C04F79EFBC}") = "ScriptMcp.Server", "ScriptMcp.Server\ScriptMcp.Server.csproj", "{076CD09F-21C9-3A0D-D289-46C254A0D434}"
EndProject
Global
	GlobalSection(SolutionConfigurationPlatforms) = preSolution
		Debug|Any CPU = Debug|Any CPU
		Debug|x64 = Debug|x64
		Debug|x86 = Debug|x86
		Release|Any CPU = Release|Any CPU
		Release|x64 = Release|x64
		Release|x86 = Release|x86
	EndGlobalSection
	GlobalSection(ProjectConfigurationPlatforms) = postSolution
		{0F22F4FE-3899-4BCF-B6CB-EF7C0F542376}.Debug|Any CPU.ActiveCfg = Debug|Any CPU
		{0F22F4FE-3899-4BCF-B6CB-EF7C0F542376}.Debug|Any CPU.Build.0 = Debug|Any CPU
		{0F22F4FE-3899-4BCF-B6CB-EF7C0F542376}.Debug|x64.ActiveCfg = Debug|Any CPU
		{0F22F4FE-3899-4BCF-B6CB-EF7C0F542376}.Debug|x64.Build.0 = Debug|Any CPU
		{0F22F4FE-3899-4BCF-B6CB-EF7C0F542376}.Debug|x86.ActiveCfg = Debug|Any CPU
		{0F22F4FE-3899-4BCF-B6CB-EF7C0F542376}.Debug|x86.Build.0 = Debug|Any CPU
		{0F22F4FE-3899-4BCF-B6CB-EF7C0F542376}.Release|Any CPU.ActiveCfg = Release|Any CPU
		{0F22F4FE-3899-4BCF-B6CB-EF7C0F542376}.Release|Any CPU.Build.0 = Release|Any CPU
		{0F22F4FE-3899-4BCF-B6CB-EF7C0F542376}.Release|x64.ActiveCfg = Release|Any CPU
		{0F22F4FE-3899-4BCF-B6CB-EF7C0F542376}.Release|x64.Build.0 = Release|Any CPU
		{0F22F4FE-3899-4BCF-B6CB-EF7C0F542376}.Release|x86.ActiveCfg = Release|Any CPU
		{0F22F4FE-3899-4BCF-B6CB-EF7C0F542376}.Release|x86.Build.0 = Release|Any CPU
		{B6250B6C-771E-4C60-8B11-1B70C6AEAFCF}.Debug|Any CPU.ActiveCfg = Debug|Any CPU
		{B6250B6C-771E-4C60-8B11-1B70C6AEAFCF}.Debug|Any CPU.Build.0 = Debug|Any CPU
		{B6250B6C-771E-4C60-8B11-1B70C6AEAFCF}.Debug|x64.ActiveCfg = Debug|Any CPU
		{B6250B6C-771E-4C60-8B11-1B70C6AEAFCF}.Debug|x64.Build.0 = Debug|Any CPU
		{B6250B6C-771E-4C60-8B11-1B70C6AEAFCF}.Debug|x86.ActiveCfg = Debug|Any CPU
		{B6250B6C-771E-4C60-8B11-1B70C6AEAFCF}.Debug|x86.Build.0 = Debug|Any CPU
		{B6250B6C-771E-4C60-8B11-1B70C6AEAFCF}.Release|Any CPU.ActiveCfg = Release|Any CPU
		{B6250B6C-771E-4C60-8B11-1B70C6AEAFCF}.Release|Any CPU.Build.0 = Release|Any CPU
		{B6250B6C-771E-4C60-8B11-1B70C6AEAFCF}.Release|x64.ActiveCfg = Release|Any CPU
		{B6250B6C-771E-4C60-8B11-1B70C6AEAFCF}.Release|x64.Build.0 = Release|Any CPU
		{B6250B6C-771E-4C60-8B11-1B70C6AEAFCF}.Release|x86.ActiveCfg = Release|Any CPU
		{B6250B6C-771E-4C60-8B11-1B70C6AEAFCF}.Release|x86.Build.0 = Release|Any CPU
		{076CD09F-21C9-3A0D-D289-46C254A0D434}.Debug|Any CPU.ActiveCfg = Debug|Any CPU
		{076CD09F-21C9-3A0D-D289-46C254A0D434}.Debug|Any CPU.Build.0 = Debug|Any CPU
		{076CD09F-21C9-3A0D-D289-46C254A0D434}.Debug|x64.ActiveCfg = Debug|Any CPU
		{076CD09F-21C9-3A0D-D289-46C254A0D434}.Debug|x64.Build.0 = Debug|Any CPU
		{076CD09F-21C9-3A0D-D289-46C254A0D434}.Debug|x86.ActiveCfg = Debug|Any CPU
		{076CD09F-21C9-3A0D-D289-46C254A0D434}.Debug|x86.Build.0 = Debug|Any CPU
		{076CD09F-21C9-3A0D-D289-46C254A0D434}.Release|Any CPU.ActiveCfg = Release|Any CPU
		{076CD09F-21C9-3A0D-D289-46C254A0D434}.Release|Any CPU.Build.0 = Release|Any CPU
		{076CD09F-21C9-3A0D-D289-46C254A0D434}.Release|x64.ActiveCfg = Release|Any CPU
		{076CD09F-21C9-3A0D-D289-46C254A0D434}.Release|x64.Build.0 = Release|Any CPU
		{076CD09F-21C9-3A0D-D289-46C254A0D434}.Release|x86.ActiveCfg = Release|Any CPU
		{076CD09F-21C9-3A0D-D289-46C254A0D434}.Release|x86.Build.0 = Release|Any CPU
	EndGlobalSection
	GlobalSection(SolutionProperties) = preSolution
		HideSolutionNode = FALSE
	EndGlobalSection
	GlobalSection(ExtensibilityGlobals) = postSolution
		SolutionGuid = {503885BF-5634-4225-B87A-D45E7EFB00D6}
	EndGlobalSection
EndGlobal
